{
  "version": 4,
  "terraform_version": "1.13.5",
  "serial": 319,
  "lineage": "37034ff0-2015-1859-95f9-cdc689ef478e",
  "outputs": {
    "api_private_security_group_id": {
      "value": "sg-0efe5d66083120c3b",
      "type": "string"
    },
    "api_public_security_group_id": {
      "value": "sg-02885afdfb08ca17b",
      "type": "string"
    },
    "ecr_repository_arn": {
      "value": "arn:aws:ecr:eu-central-1:821868546349:repository/rag-app",
      "type": "string"
    },
    "ecr_repository_url": {
      "value": "821868546349.dkr.ecr.eu-central-1.amazonaws.com/rag-app",
      "type": "string"
    },
    "igw_id": {
      "value": "igw-0e24d06723f683e87",
      "type": "string"
    },
    "nat_gateway_id": {
      "value": "nat-03a0255aabd9eeeb5",
      "type": "string"
    },
    "private_app_subnets": {
      "value": [
        "subnet-0173cb422af357c19",
        "subnet-0b54d00b3d6264363"
      ],
      "type": [
        "tuple",
        [
          "string",
          "string"
        ]
      ]
    },
    "private_data_subnets": {
      "value": [
        "subnet-0b3a07b3d0bf54859",
        "subnet-0239683647508d7d7"
      ],
      "type": [
        "tuple",
        [
          "string",
          "string"
        ]
      ]
    },
    "private_route_table_ids": {
      "value": [
        "rtb-015ab9e6e1cebd9e1",
        "rtb-0f079a9c695854b7f"
      ],
      "type": [
        "tuple",
        [
          "string",
          "string"
        ]
      ]
    },
    "public_route_table_ids": {
      "value": [
        "rtb-0740b7f79b140b5cf"
      ],
      "type": [
        "tuple",
        [
          "string"
        ]
      ]
    },
    "s3_bucket_name": {
      "value": "rag-vpc-20260105143713576900000001",
      "type": "string"
    },
    "vpc_id": {
      "value": "vpc-0f12e53c75f9ea43b",
      "type": "string"
    }
  },
  "resources": [
    {
      "mode": "managed",
      "type": "aws_ecr_lifecycle_policy",
      "name": "app",
      "provider": "provider[\"registry.terraform.io/hashicorp/aws\"]",
      "instances": [
        {
          "schema_version": 0,
          "attributes": {
            "id": "rag-app",
            "policy": "{\"rules\":[{\"action\":{\"type\":\"expire\"},\"description\":\"Expire untagged images older than X days\",\"rulePriority\":1,\"selection\":{\"countNumber\":14,\"countType\":\"sinceImagePushed\",\"countUnit\":\"days\",\"tagStatus\":\"untagged\"}},{\"action\":{\"type\":\"expire\"},\"description\":\"Keep only last N tagged images\",\"rulePriority\":2,\"selection\":{\"countNumber\":30,\"countType\":\"imageCountMoreThan\",\"tagPatternList\":[\"*\"],\"tagStatus\":\"tagged\"}}]}",
            "region": "eu-central-1",
            "registry_id": "821868546349",
            "repository": "rag-app"
          },
          "sensitive_attributes": [],
          "identity_schema_version": 0,
          "identity": {
            "account_id": "821868546349",
            "region": "eu-central-1",
            "repository": "rag-app"
          },
          "private": "bnVsbA==",
          "dependencies": [
            "aws_ecr_repository.app"
          ]
        }
      ]
    },
    {
      "mode": "managed",
      "type": "aws_ecr_repository",
      "name": "app",
      "provider": "provider[\"registry.terraform.io/hashicorp/aws\"]",
      "instances": [
        {
          "schema_version": 0,
          "attributes": {
            "arn": "arn:aws:ecr:eu-central-1:821868546349:repository/rag-app",
            "encryption_configuration": [
              {
                "encryption_type": "AES256",
                "kms_key": ""
              }
            ],
            "force_delete": true,
            "id": "rag-app",
            "image_scanning_configuration": [
              {
                "scan_on_push": true
              }
            ],
            "image_tag_mutability": "MUTABLE",
            "image_tag_mutability_exclusion_filter": [],
            "name": "rag-app",
            "region": "eu-central-1",
            "registry_id": "821868546349",
            "repository_url": "821868546349.dkr.ecr.eu-central-1.amazonaws.com/rag-app",
            "tags": {
              "Env": "dev",
              "Project": "RAG"
            },
            "tags_all": {
              "Env": "dev",
              "Project": "RAG"
            },
            "timeouts": null
          },
          "sensitive_attributes": [],
          "identity_schema_version": 0,
          "identity": {
            "account_id": "821868546349",
            "name": "rag-app",
            "region": "eu-central-1"
          },
          "private": "eyJlMmJmYjczMC1lY2FhLTExZTYtOGY4OC0zNDM2M2JjN2M0YzAiOnsiZGVsZXRlIjoxMjAwMDAwMDAwMDAwfX0="
        }
      ]
    },
    {
      "mode": "managed",
      "type": "aws_eip",
      "name": "nat",
      "provider": "provider[\"registry.terraform.io/hashicorp/aws\"]",
      "instances": [
        {
          "schema_version": 0,
          "attributes": {
            "address": null,
            "allocation_id": "eipalloc-00c16fb4d34a0d3fc",
            "arn": "arn:aws:ec2:eu-central-1:821868546349:elastic-ip/eipalloc-00c16fb4d34a0d3fc",
            "associate_with_private_ip": null,
            "association_id": "",
            "carrier_ip": "",
            "customer_owned_ip": "",
            "customer_owned_ipv4_pool": "",
            "domain": "vpc",
            "id": "eipalloc-00c16fb4d34a0d3fc",
            "instance": "",
            "ipam_pool_id": null,
            "network_border_group": "eu-central-1",
            "network_interface": "",
            "private_dns": null,
            "private_ip": "",
            "ptr_record": "",
            "public_dns": "ec2-18-158-97-255.eu-central-1.compute.amazonaws.com",
            "public_ip": "18.158.97.255",
            "public_ipv4_pool": "amazon",
            "region": "eu-central-1",
            "tags": {
              "Env": "dev",
              "Name": "rag-vpc-nat-eip",
              "Project": "RAG"
            },
            "tags_all": {
              "Env": "dev",
              "Name": "rag-vpc-nat-eip",
              "Project": "RAG"
            },
            "timeouts": null
          },
          "sensitive_attributes": [],
          "identity_schema_version": 0,
          "private": "eyJlMmJmYjczMC1lY2FhLTExZTYtOGY4OC0zNDM2M2JjN2M0YzAiOnsiZGVsZXRlIjoxODAwMDAwMDAwMDAsInJlYWQiOjkwMDAwMDAwMDAwMCwidXBkYXRlIjozMDAwMDAwMDAwMDB9fQ=="
        }
      ]
    },
    {
      "mode": "managed",
      "type": "aws_internet_gateway",
      "name": "this",
      "provider": "provider[\"registry.terraform.io/hashicorp/aws\"]",
      "instances": [
        {
          "schema_version": 0,
          "attributes": {
            "arn": "arn:aws:ec2:eu-central-1:821868546349:internet-gateway/igw-0e24d06723f683e87",
            "id": "igw-0e24d06723f683e87",
            "owner_id": "821868546349",
            "region": "eu-central-1",
            "tags": {
              "Env": "dev",
              "Name": "rag-vpc-igw",
              "Project": "RAG"
            },
            "tags_all": {
              "Env": "dev",
              "Name": "rag-vpc-igw",
              "Project": "RAG"
            },
            "timeouts": null,
            "vpc_id": "vpc-0f12e53c75f9ea43b"
          },
          "sensitive_attributes": [],
          "identity_schema_version": 0,
          "private": "eyJlMmJmYjczMC1lY2FhLTExZTYtOGY4OC0zNDM2M2JjN2M0YzAiOnsiY3JlYXRlIjoxMjAwMDAwMDAwMDAwLCJkZWxldGUiOjEyMDAwMDAwMDAwMDAsInVwZGF0ZSI6MTIwMDAwMDAwMDAwMH19",
          "dependencies": [
            "module.vpc.aws_vpc.this"
          ]
        }
      ]
    },
    {
      "mode": "managed",
      "type": "aws_nat_gateway",
      "name": "this",
      "provider": "provider[\"registry.terraform.io/hashicorp/aws\"]",
      "instances": [
        {
          "schema_version": 0,
          "attributes": {
            "allocation_id": "eipalloc-00c16fb4d34a0d3fc",
            "association_id": "eipassoc-01b3e58cdb20f58d8",
            "auto_provision_zones": null,
            "auto_scaling_ips": null,
            "availability_mode": "zonal",
            "availability_zone_address": [],
            "connectivity_type": "public",
            "id": "nat-03a0255aabd9eeeb5",
            "network_interface_id": "eni-0e85f35defc3e6b6b",
            "private_ip": "192.168.10.242",
            "public_ip": "18.158.97.255",
            "region": "eu-central-1",
            "regional_nat_gateway_address": [],
            "regional_nat_gateway_auto_mode": null,
            "route_table_id": null,
            "secondary_allocation_ids": [],
            "secondary_private_ip_address_count": 0,
            "secondary_private_ip_addresses": [],
            "subnet_id": "subnet-0aba3665eb0af1dd9",
            "tags": {
              "Env": "dev",
              "Name": "rag-vpc-nat",
              "Project": "RAG"
            },
            "tags_all": {
              "Env": "dev",
              "Name": "rag-vpc-nat",
              "Project": "RAG"
            },
            "timeouts": null,
            "vpc_id": "vpc-0f12e53c75f9ea43b"
          },
          "sensitive_attributes": [],
          "identity_schema_version": 0,
          "private": "eyJlMmJmYjczMC1lY2FhLTExZTYtOGY4OC0zNDM2M2JjN2M0YzAiOnsiY3JlYXRlIjo2MDAwMDAwMDAwMDAsImRlbGV0ZSI6MTgwMDAwMDAwMDAwMCwidXBkYXRlIjo2MDAwMDAwMDAwMDB9fQ==",
          "dependencies": [
            "aws_eip.nat",
            "aws_internet_gateway.this",
            "module.vpc.aws_subnet.public",
            "module.vpc.aws_vpc.this",
            "module.vpc.aws_vpc_ipv4_cidr_block_association.this"
          ]
        }
      ]
    },
    {
      "mode": "managed",
      "type": "aws_route",
      "name": "private_outbound_via_nat",
      "provider": "provider[\"registry.terraform.io/hashicorp/aws\"]",
      "instances": [
        {
          "index_key": 0,
          "schema_version": 0,
          "attributes": {
            "carrier_gateway_id": "",
            "core_network_arn": "",
            "destination_cidr_block": "0.0.0.0/0",
            "destination_ipv6_cidr_block": "",
            "destination_prefix_list_id": "",
            "egress_only_gateway_id": "",
            "gateway_id": "",
            "id": "r-rtb-015ab9e6e1cebd9e11080289494",
            "instance_id": "",
            "instance_owner_id": "",
            "local_gateway_id": "",
            "nat_gateway_id": "nat-03a0255aabd9eeeb5",
            "network_interface_id": "",
            "origin": "CreateRoute",
            "region": "eu-central-1",
            "route_table_id": "rtb-015ab9e6e1cebd9e1",
            "state": "active",
            "timeouts": null,
            "transit_gateway_id": "",
            "vpc_endpoint_id": "",
            "vpc_peering_connection_id": ""
          },
          "sensitive_attributes": [],
          "identity_schema_version": 0,
          "identity": {
            "account_id": "821868546349",
            "destination_cidr_block": "0.0.0.0/0",
            "destination_ipv6_cidr_block": null,
            "destination_prefix_list_id": null,
            "region": "eu-central-1",
            "route_table_id": "rtb-015ab9e6e1cebd9e1"
          },
          "private": "eyJlMmJmYjczMC1lY2FhLTExZTYtOGY4OC0zNDM2M2JjN2M0YzAiOnsiY3JlYXRlIjozMDAwMDAwMDAwMDAsImRlbGV0ZSI6MzAwMDAwMDAwMDAwLCJ1cGRhdGUiOjEyMDAwMDAwMDAwMH19",
          "dependencies": [
            "aws_eip.nat",
            "aws_internet_gateway.this",
            "aws_nat_gateway.this",
            "module.vpc.aws_route_table.private",
            "module.vpc.aws_subnet.public",
            "module.vpc.aws_vpc.this",
            "module.vpc.aws_vpc_ipv4_cidr_block_association.this"
          ]
        },
        {
          "index_key": 1,
          "schema_version": 0,
          "attributes": {
            "carrier_gateway_id": "",
            "core_network_arn": "",
            "destination_cidr_block": "0.0.0.0/0",
            "destination_ipv6_cidr_block": "",
            "destination_prefix_list_id": "",
            "egress_only_gateway_id": "",
            "gateway_id": "",
            "id": "r-rtb-0f079a9c695854b7f1080289494",
            "instance_id": "",
            "instance_owner_id": "",
            "local_gateway_id": "",
            "nat_gateway_id": "nat-03a0255aabd9eeeb5",
            "network_interface_id": "",
            "origin": "CreateRoute",
            "region": "eu-central-1",
            "route_table_id": "rtb-0f079a9c695854b7f",
            "state": "active",
            "timeouts": null,
            "transit_gateway_id": "",
            "vpc_endpoint_id": "",
            "vpc_peering_connection_id": ""
          },
          "sensitive_attributes": [],
          "identity_schema_version": 0,
          "identity": {
            "account_id": "821868546349",
            "destination_cidr_block": "0.0.0.0/0",
            "destination_ipv6_cidr_block": null,
            "destination_prefix_list_id": null,
            "region": "eu-central-1",
            "route_table_id": "rtb-0f079a9c695854b7f"
          },
          "private": "eyJlMmJmYjczMC1lY2FhLTExZTYtOGY4OC0zNDM2M2JjN2M0YzAiOnsiY3JlYXRlIjozMDAwMDAwMDAwMDAsImRlbGV0ZSI6MzAwMDAwMDAwMDAwLCJ1cGRhdGUiOjEyMDAwMDAwMDAwMH19",
          "dependencies": [
            "aws_eip.nat",
            "aws_internet_gateway.this",
            "aws_nat_gateway.this",
            "module.vpc.aws_route_table.private",
            "module.vpc.aws_subnet.public",
            "module.vpc.aws_vpc.this",
            "module.vpc.aws_vpc_ipv4_cidr_block_association.this"
          ]
        }
      ]
    },
    {
      "mode": "managed",
      "type": "aws_route",
      "name": "public_internet_access",
      "provider": "provider[\"registry.terraform.io/hashicorp/aws\"]",
      "instances": [
        {
          "index_key": 0,
          "schema_version": 0,
          "attributes": {
            "carrier_gateway_id": "",
            "core_network_arn": "",
            "destination_cidr_block": "0.0.0.0/0",
            "destination_ipv6_cidr_block": "",
            "destination_prefix_list_id": "",
            "egress_only_gateway_id": "",
            "gateway_id": "igw-0e24d06723f683e87",
            "id": "r-rtb-0740b7f79b140b5cf1080289494",
            "instance_id": "",
            "instance_owner_id": "",
            "local_gateway_id": "",
            "nat_gateway_id": "",
            "network_interface_id": "",
            "origin": "CreateRoute",
            "region": "eu-central-1",
            "route_table_id": "rtb-0740b7f79b140b5cf",
            "state": "active",
            "timeouts": null,
            "transit_gateway_id": "",
            "vpc_endpoint_id": "",
            "vpc_peering_connection_id": ""
          },
          "sensitive_attributes": [],
          "identity_schema_version": 0,
          "identity": {
            "account_id": "821868546349",
            "destination_cidr_block": "0.0.0.0/0",
            "destination_ipv6_cidr_block": null,
            "destination_prefix_list_id": null,
            "region": "eu-central-1",
            "route_table_id": "rtb-0740b7f79b140b5cf"
          },
          "private": "eyJlMmJmYjczMC1lY2FhLTExZTYtOGY4OC0zNDM2M2JjN2M0YzAiOnsiY3JlYXRlIjozMDAwMDAwMDAwMDAsImRlbGV0ZSI6MzAwMDAwMDAwMDAwLCJ1cGRhdGUiOjEyMDAwMDAwMDAwMH19",
          "dependencies": [
            "aws_internet_gateway.this",
            "module.vpc.aws_route_table.public",
            "module.vpc.aws_vpc.this",
            "module.vpc.aws_vpc_ipv4_cidr_block_association.this"
          ]
        }
      ]
    },
    {
      "mode": "managed",
      "type": "aws_s3_bucket",
      "name": "app",
      "provider": "provider[\"registry.terraform.io/hashicorp/aws\"]",
      "instances": [
        {
          "schema_version": 0,
          "attributes": {
            "acceleration_status": "",
            "acl": null,
            "arn": "arn:aws:s3:::rag-vpc-20260105143713576900000001",
            "bucket": "rag-vpc-20260105143713576900000001",
            "bucket_domain_name": "rag-vpc-20260105143713576900000001.s3.amazonaws.com",
            "bucket_prefix": "rag-vpc-",
            "bucket_region": "eu-central-1",
            "bucket_regional_domain_name": "rag-vpc-20260105143713576900000001.s3.eu-central-1.amazonaws.com",
            "cors_rule": [],
            "force_destroy": true,
            "grant": [
              {
                "id": "3f9343371310d90776e93d5583cb60e1aaf5938614ef12bee633cbcd0bcd17a6",
                "permissions": [
                  "FULL_CONTROL"
                ],
                "type": "CanonicalUser",
                "uri": ""
              }
            ],
            "hosted_zone_id": "Z21DNDUVLTQW6Q",
            "id": "rag-vpc-20260105143713576900000001",
            "lifecycle_rule": [],
            "logging": [],
            "object_lock_configuration": [],
            "object_lock_enabled": false,
            "policy": "",
            "region": "eu-central-1",
            "replication_configuration": [],
            "request_payer": "BucketOwner",
            "server_side_encryption_configuration": [
              {
                "rule": [
                  {
                    "apply_server_side_encryption_by_default": [
                      {
                        "kms_master_key_id": "",
                        "sse_algorithm": "AES256"
                      }
                    ],
                    "bucket_key_enabled": false
                  }
                ]
              }
            ],
            "tags": {
              "Env": "dev",
              "Project": "RAG"
            },
            "tags_all": {
              "Env": "dev",
              "Project": "RAG"
            },
            "timeouts": null,
            "versioning": [
              {
                "enabled": false,
                "mfa_delete": false
              }
            ],
            "website": [],
            "website_domain": null,
            "website_endpoint": null
          },
          "sensitive_attributes": [],
          "identity_schema_version": 0,
          "identity": {
            "account_id": "821868546349",
            "bucket": "rag-vpc-20260105143713576900000001",
            "region": "eu-central-1"
          },
          "private": "eyJlMmJmYjczMC1lY2FhLTExZTYtOGY4OC0zNDM2M2JjN2M0YzAiOnsiY3JlYXRlIjoxMjAwMDAwMDAwMDAwLCJkZWxldGUiOjM2MDAwMDAwMDAwMDAsInJlYWQiOjEyMDAwMDAwMDAwMDAsInVwZGF0ZSI6MTIwMDAwMDAwMDAwMH19"
        }
      ]
    },
    {
      "mode": "managed",
      "type": "aws_s3_bucket_ownership_controls",
      "name": "app",
      "provider": "provider[\"registry.terraform.io/hashicorp/aws\"]",
      "instances": [
        {
          "schema_version": 0,
          "attributes": {
            "bucket": "rag-vpc-20260105143713576900000001",
            "id": "rag-vpc-20260105143713576900000001",
            "region": "eu-central-1",
            "rule": [
              {
                "object_ownership": "BucketOwnerEnforced"
              }
            ]
          },
          "sensitive_attributes": [],
          "identity_schema_version": 0,
          "identity": {
            "account_id": "821868546349",
            "bucket": "rag-vpc-20260105143713576900000001",
            "region": "eu-central-1"
          },
          "private": "bnVsbA==",
          "dependencies": [
            "aws_s3_bucket.app"
          ]
        }
      ]
    },
    {
      "mode": "managed",
      "type": "aws_s3_bucket_public_access_block",
      "name": "app",
      "provider": "provider[\"registry.terraform.io/hashicorp/aws\"]",
      "instances": [
        {
          "schema_version": 0,
          "attributes": {
            "block_public_acls": true,
            "block_public_policy": true,
            "bucket": "rag-vpc-20260105143713576900000001",
            "id": "rag-vpc-20260105143713576900000001",
            "ignore_public_acls": true,
            "region": "eu-central-1",
            "restrict_public_buckets": true,
            "skip_destroy": null
          },
          "sensitive_attributes": [],
          "identity_schema_version": 0,
          "identity": {
            "account_id": "821868546349",
            "bucket": "rag-vpc-20260105143713576900000001",
            "region": "eu-central-1"
          },
          "private": "bnVsbA==",
          "dependencies": [
            "aws_s3_bucket.app"
          ]
        }
      ]
    },
    {
      "mode": "managed",
      "type": "aws_s3_bucket_server_side_encryption_configuration",
      "name": "app",
      "provider": "provider[\"registry.terraform.io/hashicorp/aws\"]",
      "instances": [
        {
          "schema_version": 0,
          "attributes": {
            "bucket": "rag-vpc-20260105143713576900000001",
            "expected_bucket_owner": "",
            "id": "rag-vpc-20260105143713576900000001",
            "region": "eu-central-1",
            "rule": [
              {
                "apply_server_side_encryption_by_default": [
                  {
                    "kms_master_key_id": "",
                    "sse_algorithm": "AES256"
                  }
                ],
                "blocked_encryption_types": [],
                "bucket_key_enabled": null
              }
            ]
          },
          "sensitive_attributes": [],
          "identity_schema_version": 0,
          "identity": {
            "account_id": "821868546349",
            "bucket": "rag-vpc-20260105143713576900000001",
            "expected_bucket_owner": null,
            "region": "eu-central-1"
          },
          "private": "bnVsbA==",
          "dependencies": [
            "aws_s3_bucket.app"
          ]
        }
      ]
    },
    {
      "mode": "managed",
      "type": "aws_s3_bucket_versioning",
      "name": "app",
      "provider": "provider[\"registry.terraform.io/hashicorp/aws\"]",
      "instances": [
        {
          "schema_version": 0,
          "attributes": {
            "bucket": "rag-vpc-20260105143713576900000001",
            "expected_bucket_owner": "",
            "id": "rag-vpc-20260105143713576900000001",
            "mfa": null,
            "region": "eu-central-1",
            "versioning_configuration": [
              {
                "mfa_delete": "",
                "status": "Enabled"
              }
            ]
          },
          "sensitive_attributes": [],
          "identity_schema_version": 0,
          "identity": {
            "account_id": "821868546349",
            "bucket": "rag-vpc-20260105143713576900000001",
            "expected_bucket_owner": null,
            "region": "eu-central-1"
          },
          "private": "bnVsbA==",
          "dependencies": [
            "aws_s3_bucket.app"
          ]
        }
      ]
    },
    {
      "mode": "managed",
      "type": "aws_security_group",
      "name": "api_private",
      "provider": "provider[\"registry.terraform.io/hashicorp/aws\"]",
      "instances": [
        {
          "schema_version": 1,
          "attributes": {
            "arn": "arn:aws:ec2:eu-central-1:821868546349:security-group/sg-0efe5d66083120c3b",
            "description": "Allow API traffic from public SG to private workloads",
            "egress": [],
            "id": "sg-0efe5d66083120c3b",
            "ingress": [],
            "name": "rag-vpc-api-private",
            "name_prefix": "",
            "owner_id": "821868546349",
            "region": "eu-central-1",
            "revoke_rules_on_delete": false,
            "tags": {
              "Env": "dev",
              "Name": "rag-vpc-api-private",
              "Project": "RAG"
            },
            "tags_all": {
              "Env": "dev",
              "Name": "rag-vpc-api-private",
              "Project": "RAG"
            },
            "timeouts": null,
            "vpc_id": "vpc-0f12e53c75f9ea43b"
          },
          "sensitive_attributes": [],
          "identity_schema_version": 0,
          "identity": {
            "account_id": "821868546349",
            "id": "sg-0efe5d66083120c3b",
            "region": "eu-central-1"
          },
          "private": "eyJlMmJmYjczMC1lY2FhLTExZTYtOGY4OC0zNDM2M2JjN2M0YzAiOnsiY3JlYXRlIjo2MDAwMDAwMDAwMDAsImRlbGV0ZSI6OTAwMDAwMDAwMDAwfSwic2NoZW1hX3ZlcnNpb24iOiIxIn0=",
          "dependencies": [
            "module.vpc.aws_vpc.this"
          ]
        }
      ]
    },
    {
      "mode": "managed",
      "type": "aws_security_group",
      "name": "api_public",
      "provider": "provider[\"registry.terraform.io/hashicorp/aws\"]",
      "instances": [
        {
          "schema_version": 1,
          "attributes": {
            "arn": "arn:aws:ec2:eu-central-1:821868546349:security-group/sg-02885afdfb08ca17b",
            "description": "Allow inbound internet traffic to API (public)",
            "egress": [],
            "id": "sg-02885afdfb08ca17b",
            "ingress": [],
            "name": "rag-vpc-api-public",
            "name_prefix": "",
            "owner_id": "821868546349",
            "region": "eu-central-1",
            "revoke_rules_on_delete": false,
            "tags": {
              "Env": "dev",
              "Name": "rag-vpc-api-public",
              "Project": "RAG"
            },
            "tags_all": {
              "Env": "dev",
              "Name": "rag-vpc-api-public",
              "Project": "RAG"
            },
            "timeouts": null,
            "vpc_id": "vpc-0f12e53c75f9ea43b"
          },
          "sensitive_attributes": [],
          "identity_schema_version": 0,
          "identity": {
            "account_id": "821868546349",
            "id": "sg-02885afdfb08ca17b",
            "region": "eu-central-1"
          },
          "private": "eyJlMmJmYjczMC1lY2FhLTExZTYtOGY4OC0zNDM2M2JjN2M0YzAiOnsiY3JlYXRlIjo2MDAwMDAwMDAwMDAsImRlbGV0ZSI6OTAwMDAwMDAwMDAwfSwic2NoZW1hX3ZlcnNpb24iOiIxIn0=",
          "dependencies": [
            "module.vpc.aws_vpc.this"
          ]
        }
      ]
    },
    {
      "mode": "managed",
      "type": "aws_vpc_security_group_egress_rule",
      "name": "api_all_outbound",
      "provider": "provider[\"registry.terraform.io/hashicorp/aws\"]",
      "instances": [
        {
          "schema_version": 0,
          "attributes": {
            "arn": "arn:aws:ec2:eu-central-1:821868546349:security-group-rule/sgr-000e044bfae56a985",
            "cidr_ipv4": "0.0.0.0/0",
            "cidr_ipv6": null,
            "description": "Allow all outbound",
            "from_port": null,
            "id": "sgr-000e044bfae56a985",
            "ip_protocol": "-1",
            "prefix_list_id": null,
            "referenced_security_group_id": null,
            "region": "eu-central-1",
            "security_group_id": "sg-02885afdfb08ca17b",
            "security_group_rule_id": "sgr-000e044bfae56a985",
            "tags": null,
            "tags_all": {},
            "to_port": null
          },
          "sensitive_attributes": [],
          "identity_schema_version": 0,
          "identity": {
            "account_id": "821868546349",
            "id": "sgr-000e044bfae56a985",
            "region": "eu-central-1"
          },
          "dependencies": [
            "aws_security_group.api_public",
            "module.vpc.aws_vpc.this"
          ]
        }
      ]
    },
    {
      "mode": "managed",
      "type": "aws_vpc_security_group_egress_rule",
      "name": "private_all_outbound",
      "provider": "provider[\"registry.terraform.io/hashicorp/aws\"]",
      "instances": [
        {
          "schema_version": 0,
          "attributes": {
            "arn": "arn:aws:ec2:eu-central-1:821868546349:security-group-rule/sgr-0b17d5ecf1f550edb",
            "cidr_ipv4": "0.0.0.0/0",
            "cidr_ipv6": null,
            "description": "Allow_all_outbound",
            "from_port": null,
            "id": "sgr-0b17d5ecf1f550edb",
            "ip_protocol": "-1",
            "prefix_list_id": null,
            "referenced_security_group_id": null,
            "region": "eu-central-1",
            "security_group_id": "sg-0efe5d66083120c3b",
            "security_group_rule_id": "sgr-0b17d5ecf1f550edb",
            "tags": null,
            "tags_all": {},
            "to_port": null
          },
          "sensitive_attributes": [],
          "identity_schema_version": 0,
          "identity": {
            "account_id": "821868546349",
            "id": "sgr-0b17d5ecf1f550edb",
            "region": "eu-central-1"
          },
          "dependencies": [
            "aws_security_group.api_private",
            "module.vpc.aws_vpc.this"
          ]
        }
      ]
    },
    {
      "mode": "managed",
      "type": "aws_vpc_security_group_ingress_rule",
      "name": "api_from_internet",
      "provider": "provider[\"registry.terraform.io/hashicorp/aws\"]",
      "instances": [
        {
          "schema_version": 0,
          "attributes": {
            "arn": "arn:aws:ec2:eu-central-1:821868546349:security-group-rule/sgr-02c7ded21a63da714",
            "cidr_ipv4": "0.0.0.0/0",
            "cidr_ipv6": null,
            "description": "Internet_to_API_8000",
            "from_port": 8000,
            "id": "sgr-02c7ded21a63da714",
            "ip_protocol": "tcp",
            "prefix_list_id": null,
            "referenced_security_group_id": null,
            "region": "eu-central-1",
            "security_group_id": "sg-02885afdfb08ca17b",
            "security_group_rule_id": "sgr-02c7ded21a63da714",
            "tags": null,
            "tags_all": {},
            "to_port": 8000
          },
          "sensitive_attributes": [],
          "identity_schema_version": 0,
          "identity": {
            "account_id": "821868546349",
            "id": "sgr-02c7ded21a63da714",
            "region": "eu-central-1"
          },
          "dependencies": [
            "aws_security_group.api_public",
            "module.vpc.aws_vpc.this"
          ]
        }
      ]
    },
    {
      "mode": "managed",
      "type": "aws_vpc_security_group_ingress_rule",
      "name": "private_from_public_api",
      "provider": "provider[\"registry.terraform.io/hashicorp/aws\"]",
      "instances": [
        {
          "schema_version": 0,
          "attributes": {
            "arn": "arn:aws:ec2:eu-central-1:821868546349:security-group-rule/sgr-03a4cf6502d7877a4",
            "cidr_ipv4": null,
            "cidr_ipv6": null,
            "description": "Public_API_to_Private_8000",
            "from_port": 8000,
            "id": "sgr-03a4cf6502d7877a4",
            "ip_protocol": "tcp",
            "prefix_list_id": null,
            "referenced_security_group_id": "sg-02885afdfb08ca17b",
            "region": "eu-central-1",
            "security_group_id": "sg-0efe5d66083120c3b",
            "security_group_rule_id": "sgr-03a4cf6502d7877a4",
            "tags": null,
            "tags_all": {},
            "to_port": 8000
          },
          "sensitive_attributes": [],
          "identity_schema_version": 0,
          "identity": {
            "account_id": "821868546349",
            "id": "sgr-03a4cf6502d7877a4",
            "region": "eu-central-1"
          },
          "dependencies": [
            "aws_security_group.api_private",
            "aws_security_group.api_public",
            "module.vpc.aws_vpc.this"
          ]
        }
      ]
    },
    {
      "module": "module.vpc",
      "mode": "managed",
      "type": "aws_default_network_acl",
      "name": "this",
      "provider": "provider[\"registry.terraform.io/hashicorp/aws\"]",
      "instances": [
        {
          "index_key": 0,
          "schema_version": 0,
          "attributes": {
            "arn": "arn:aws:ec2:eu-central-1:821868546349:network-acl/acl-09c4c882a5526107d",
            "default_network_acl_id": "acl-09c4c882a5526107d",
            "egress": [
              {
                "action": "allow",
                "cidr_block": "",
                "from_port": 0,
                "icmp_code": null,
                "icmp_type": null,
                "ipv6_cidr_block": "::/0",
                "protocol": "-1",
                "rule_no": 101,
                "to_port": 0
              },
              {
                "action": "allow",
                "cidr_block": "0.0.0.0/0",
                "from_port": 0,
                "icmp_code": null,
                "icmp_type": null,
                "ipv6_cidr_block": "",
                "protocol": "-1",
                "rule_no": 100,
                "to_port": 0
              }
            ],
            "id": "acl-09c4c882a5526107d",
            "ingress": [
              {
                "action": "allow",
                "cidr_block": "",
                "from_port": 0,
                "icmp_code": null,
                "icmp_type": null,
                "ipv6_cidr_block": "::/0",
                "protocol": "-1",
                "rule_no": 101,
                "to_port": 0
              },
              {
                "action": "allow",
                "cidr_block": "0.0.0.0/0",
                "from_port": 0,
                "icmp_code": null,
                "icmp_type": null,
                "ipv6_cidr_block": "",
                "protocol": "-1",
                "rule_no": 100,
                "to_port": 0
              }
            ],
            "owner_id": "821868546349",
            "region": "eu-central-1",
            "subnet_ids": [
              "subnet-0173cb422af357c19",
              "subnet-0aba3665eb0af1dd9",
              "subnet-0b3a07b3d0bf54859",
              "subnet-0b54d00b3d6264363",
              "subnet-0c0a723f94d526721"
            ],
            "tags": {
              "Env": "dev",
              "Name": "rag-vpc-default",
              "Project": "RAG"
            },
            "tags_all": {
              "Env": "dev",
              "Name": "rag-vpc-default",
              "Project": "RAG"
            },
            "vpc_id": "vpc-0f12e53c75f9ea43b"
          },
          "sensitive_attributes": [],
          "identity_schema_version": 0,
          "private": "bnVsbA==",
          "dependencies": [
            "module.vpc.aws_vpc.this"
          ]
        }
      ]
    },
    {
      "module": "module.vpc",
      "mode": "managed",
      "type": "aws_default_route_table",
      "name": "default",
      "provider": "provider[\"registry.terraform.io/hashicorp/aws\"]",
      "instances": [
        {
          "index_key": 0,
          "schema_version": 0,
          "attributes": {
            "arn": "arn:aws:ec2:eu-central-1:821868546349:route-table/rtb-05b0bf6271aa46679",
            "default_route_table_id": "rtb-05b0bf6271aa46679",
            "id": "rtb-05b0bf6271aa46679",
            "owner_id": "821868546349",
            "propagating_vgws": null,
            "region": "eu-central-1",
            "route": [],
            "tags": {
              "Env": "dev",
              "Name": "rag-vpc-default",
              "Project": "RAG"
            },
            "tags_all": {
              "Env": "dev",
              "Name": "rag-vpc-default",
              "Project": "RAG"
            },
            "timeouts": {
              "create": "5m",
              "update": "5m"
            },
            "vpc_id": "vpc-0f12e53c75f9ea43b"
          },
          "sensitive_attributes": [],
          "identity_schema_version": 0,
          "private": "eyJlMmJmYjczMC1lY2FhLTExZTYtOGY4OC0zNDM2M2JjN2M0YzAiOnsiY3JlYXRlIjozMDAwMDAwMDAwMDAsInVwZGF0ZSI6MzAwMDAwMDAwMDAwfX0=",
          "dependencies": [
            "module.vpc.aws_vpc.this"
          ]
        }
      ]
    },
    {
      "module": "module.vpc",
      "mode": "managed",
      "type": "aws_default_security_group",
      "name": "this",
      "provider": "provider[\"registry.terraform.io/hashicorp/aws\"]",
      "instances": [
        {
          "index_key": 0,
          "schema_version": 1,
          "attributes": {
            "arn": "arn:aws:ec2:eu-central-1:821868546349:security-group/sg-012e68f8e7107f339",
            "description": "default VPC security group",
            "egress": [],
            "id": "sg-012e68f8e7107f339",
            "ingress": [],
            "name": "default",
            "name_prefix": "",
            "owner_id": "821868546349",
            "region": "eu-central-1",
            "revoke_rules_on_delete": false,
            "tags": {
              "Env": "dev",
              "Name": "rag-vpc-default",
              "Project": "RAG"
            },
            "tags_all": {
              "Env": "dev",
              "Name": "rag-vpc-default",
              "Project": "RAG"
            },
            "vpc_id": "vpc-0f12e53c75f9ea43b"
          },
          "sensitive_attributes": [],
          "identity_schema_version": 0,
          "private": "eyJzY2hlbWFfdmVyc2lvbiI6IjEifQ==",
          "dependencies": [
            "module.vpc.aws_vpc.this"
          ]
        }
      ]
    },
    {
      "module": "module.vpc",
      "mode": "managed",
      "type": "aws_route_table",
      "name": "private",
      "provider": "provider[\"registry.terraform.io/hashicorp/aws\"]",
      "instances": [
        {
          "index_key": 0,
          "schema_version": 0,
          "attributes": {
            "arn": "arn:aws:ec2:eu-central-1:821868546349:route-table/rtb-015ab9e6e1cebd9e1",
            "id": "rtb-015ab9e6e1cebd9e1",
            "owner_id": "821868546349",
            "propagating_vgws": [],
            "region": "eu-central-1",
            "route": [],
            "tags": {
              "Env": "dev",
              "Name": "rag-vpc-private-eu-central-1a",
              "Project": "RAG"
            },
            "tags_all": {
              "Env": "dev",
              "Name": "rag-vpc-private-eu-central-1a",
              "Project": "RAG"
            },
            "timeouts": null,
            "vpc_id": "vpc-0f12e53c75f9ea43b"
          },
          "sensitive_attributes": [],
          "identity_schema_version": 0,
          "identity": {
            "account_id": "821868546349",
            "id": "rtb-015ab9e6e1cebd9e1",
            "region": "eu-central-1"
          },
          "private": "eyJlMmJmYjczMC1lY2FhLTExZTYtOGY4OC0zNDM2M2JjN2M0YzAiOnsiY3JlYXRlIjozMDAwMDAwMDAwMDAsImRlbGV0ZSI6MzAwMDAwMDAwMDAwLCJ1cGRhdGUiOjEyMDAwMDAwMDAwMH19",
          "dependencies": [
            "module.vpc.aws_vpc.this",
            "module.vpc.aws_vpc_ipv4_cidr_block_association.this"
          ]
        },
        {
          "index_key": 1,
          "schema_version": 0,
          "attributes": {
            "arn": "arn:aws:ec2:eu-central-1:821868546349:route-table/rtb-0f079a9c695854b7f",
            "id": "rtb-0f079a9c695854b7f",
            "owner_id": "821868546349",
            "propagating_vgws": [],
            "region": "eu-central-1",
            "route": [],
            "tags": {
              "Env": "dev",
              "Name": "rag-vpc-private-eu-central-1b",
              "Project": "RAG"
            },
            "tags_all": {
              "Env": "dev",
              "Name": "rag-vpc-private-eu-central-1b",
              "Project": "RAG"
            },
            "timeouts": null,
            "vpc_id": "vpc-0f12e53c75f9ea43b"
          },
          "sensitive_attributes": [],
          "identity_schema_version": 0,
          "identity": {
            "account_id": "821868546349",
            "id": "rtb-0f079a9c695854b7f",
            "region": "eu-central-1"
          },
          "private": "eyJlMmJmYjczMC1lY2FhLTExZTYtOGY4OC0zNDM2M2JjN2M0YzAiOnsiY3JlYXRlIjozMDAwMDAwMDAwMDAsImRlbGV0ZSI6MzAwMDAwMDAwMDAwLCJ1cGRhdGUiOjEyMDAwMDAwMDAwMH19",
          "dependencies": [
            "module.vpc.aws_vpc.this",
            "module.vpc.aws_vpc_ipv4_cidr_block_association.this"
          ]
        }
      ]
    },
    {
      "module": "module.vpc",
      "mode": "managed",
      "type": "aws_route_table",
      "name": "public",
      "provider": "provider[\"registry.terraform.io/hashicorp/aws\"]",
      "instances": [
        {
          "index_key": 0,
          "schema_version": 0,
          "attributes": {
            "arn": "arn:aws:ec2:eu-central-1:821868546349:route-table/rtb-0740b7f79b140b5cf",
            "id": "rtb-0740b7f79b140b5cf",
            "owner_id": "821868546349",
            "propagating_vgws": [],
            "region": "eu-central-1",
            "route": [],
            "tags": {
              "Env": "dev",
              "Name": "rag-vpc-public",
              "Project": "RAG"
            },
            "tags_all": {
              "Env": "dev",
              "Name": "rag-vpc-public",
              "Project": "RAG"
            },
            "timeouts": null,
            "vpc_id": "vpc-0f12e53c75f9ea43b"
          },
          "sensitive_attributes": [],
          "identity_schema_version": 0,
          "identity": {
            "account_id": "821868546349",
            "id": "rtb-0740b7f79b140b5cf",
            "region": "eu-central-1"
          },
          "private": "eyJlMmJmYjczMC1lY2FhLTExZTYtOGY4OC0zNDM2M2JjN2M0YzAiOnsiY3JlYXRlIjozMDAwMDAwMDAwMDAsImRlbGV0ZSI6MzAwMDAwMDAwMDAwLCJ1cGRhdGUiOjEyMDAwMDAwMDAwMH19",
          "dependencies": [
            "module.vpc.aws_vpc.this",
            "module.vpc.aws_vpc_ipv4_cidr_block_association.this"
          ]
        }
      ]
    },
    {
      "module": "module.vpc",
      "mode": "managed",
      "type": "aws_route_table_association",
      "name": "database",
      "provider": "provider[\"registry.terraform.io/hashicorp/aws\"]",
      "instances": [
        {
          "index_key": 0,
          "schema_version": 0,
          "attributes": {
            "gateway_id": "",
            "id": "rtbassoc-09d346baf10c2f8bd",
            "region": "eu-central-1",
            "route_table_id": "rtb-015ab9e6e1cebd9e1",
            "subnet_id": "subnet-0b3a07b3d0bf54859",
            "timeouts": null
          },
          "sensitive_attributes": [],
          "identity_schema_version": 0,
          "private": "eyJlMmJmYjczMC1lY2FhLTExZTYtOGY4OC0zNDM2M2JjN2M0YzAiOnsiY3JlYXRlIjozMDAwMDAwMDAwMDAsImRlbGV0ZSI6MzAwMDAwMDAwMDAwLCJ1cGRhdGUiOjEyMDAwMDAwMDAwMH19",
          "dependencies": [
            "module.vpc.aws_route_table.database",
            "module.vpc.aws_route_table.private",
            "module.vpc.aws_subnet.database",
            "module.vpc.aws_vpc.this",
            "module.vpc.aws_vpc_ipv4_cidr_block_association.this"
          ]
        },
        {
          "index_key": 1,
          "schema_version": 0,
          "attributes": {
            "gateway_id": "",
            "id": "rtbassoc-020c44052bb2bf6a6",
            "region": "eu-central-1",
            "route_table_id": "rtb-0f079a9c695854b7f",
            "subnet_id": "subnet-0239683647508d7d7",
            "timeouts": null
          },
          "sensitive_attributes": [],
          "identity_schema_version": 0,
          "private": "eyJlMmJmYjczMC1lY2FhLTExZTYtOGY4OC0zNDM2M2JjN2M0YzAiOnsiY3JlYXRlIjozMDAwMDAwMDAwMDAsImRlbGV0ZSI6MzAwMDAwMDAwMDAwLCJ1cGRhdGUiOjEyMDAwMDAwMDAwMH19",
          "dependencies": [
            "module.vpc.aws_route_table.database",
            "module.vpc.aws_route_table.private",
            "module.vpc.aws_subnet.database",
            "module.vpc.aws_vpc.this",
            "module.vpc.aws_vpc_ipv4_cidr_block_association.this"
          ]
        }
      ]
    },
    {
      "module": "module.vpc",
      "mode": "managed",
      "type": "aws_route_table_association",
      "name": "private",
      "provider": "provider[\"registry.terraform.io/hashicorp/aws\"]",
      "instances": [
        {
          "index_key": 0,
          "schema_version": 0,
          "attributes": {
            "gateway_id": "",
            "id": "rtbassoc-0ed546c6ab44b6bc8",
            "region": "eu-central-1",
            "route_table_id": "rtb-015ab9e6e1cebd9e1",
            "subnet_id": "subnet-0173cb422af357c19",
            "timeouts": null
          },
          "sensitive_attributes": [],
          "identity_schema_version": 0,
          "private": "eyJlMmJmYjczMC1lY2FhLTExZTYtOGY4OC0zNDM2M2JjN2M0YzAiOnsiY3JlYXRlIjozMDAwMDAwMDAwMDAsImRlbGV0ZSI6MzAwMDAwMDAwMDAwLCJ1cGRhdGUiOjEyMDAwMDAwMDAwMH19",
          "dependencies": [
            "module.vpc.aws_route_table.private",
            "module.vpc.aws_subnet.private",
            "module.vpc.aws_vpc.this",
            "module.vpc.aws_vpc_ipv4_cidr_block_association.this"
          ]
        },
        {
          "index_key": 1,
          "schema_version": 0,
          "attributes": {
            "gateway_id": "",
            "id": "rtbassoc-04ea38f6ef5c6a3cc",
            "region": "eu-central-1",
            "route_table_id": "rtb-0f079a9c695854b7f",
            "subnet_id": "subnet-0b54d00b3d6264363",
            "timeouts": null
          },
          "sensitive_attributes": [],
          "identity_schema_version": 0,
          "private": "eyJlMmJmYjczMC1lY2FhLTExZTYtOGY4OC0zNDM2M2JjN2M0YzAiOnsiY3JlYXRlIjozMDAwMDAwMDAwMDAsImRlbGV0ZSI6MzAwMDAwMDAwMDAwLCJ1cGRhdGUiOjEyMDAwMDAwMDAwMH19",
          "dependencies": [
            "module.vpc.aws_route_table.private",
            "module.vpc.aws_subnet.private",
            "module.vpc.aws_vpc.this",
            "module.vpc.aws_vpc_ipv4_cidr_block_association.this"
          ]
        }
      ]
    },
    {
      "module": "module.vpc",
      "mode": "managed",
      "type": "aws_route_table_association",
      "name": "public",
      "provider": "provider[\"registry.terraform.io/hashicorp/aws\"]",
      "instances": [
        {
          "index_key": 0,
          "schema_version": 0,
          "attributes": {
            "gateway_id": "",
            "id": "rtbassoc-0a73f13d0e20602ac",
            "region": "eu-central-1",
            "route_table_id": "rtb-0740b7f79b140b5cf",
            "subnet_id": "subnet-0aba3665eb0af1dd9",
            "timeouts": null
          },
          "sensitive_attributes": [],
          "identity_schema_version": 0,
          "private": "eyJlMmJmYjczMC1lY2FhLTExZTYtOGY4OC0zNDM2M2JjN2M0YzAiOnsiY3JlYXRlIjozMDAwMDAwMDAwMDAsImRlbGV0ZSI6MzAwMDAwMDAwMDAwLCJ1cGRhdGUiOjEyMDAwMDAwMDAwMH19",
          "dependencies": [
            "module.vpc.aws_route_table.public",
            "module.vpc.aws_subnet.public",
            "module.vpc.aws_vpc.this",
            "module.vpc.aws_vpc_ipv4_cidr_block_association.this"
          ]
        },
        {
          "index_key": 1,
          "schema_version": 0,
          "attributes": {
            "gateway_id": "",
            "id": "rtbassoc-0de715f311849aab8",
            "region": "eu-central-1",
            "route_table_id": "rtb-0740b7f79b140b5cf",
            "subnet_id": "subnet-0c0a723f94d526721",
            "timeouts": null
          },
          "sensitive_attributes": [],
          "identity_schema_version": 0,
          "private": "eyJlMmJmYjczMC1lY2FhLTExZTYtOGY4OC0zNDM2M2JjN2M0YzAiOnsiY3JlYXRlIjozMDAwMDAwMDAwMDAsImRlbGV0ZSI6MzAwMDAwMDAwMDAwLCJ1cGRhdGUiOjEyMDAwMDAwMDAwMH19",
          "dependencies": [
            "module.vpc.aws_route_table.public",
            "module.vpc.aws_subnet.public",
            "module.vpc.aws_vpc.this",
            "module.vpc.aws_vpc_ipv4_cidr_block_association.this"
          ]
        }
      ]
    },
    {
      "module": "module.vpc",
      "mode": "managed",
      "type": "aws_subnet",
      "name": "database",
      "provider": "provider[\"registry.terraform.io/hashicorp/aws\"]",
      "instances": [
        {
          "index_key": 0,
          "schema_version": 1,
          "attributes": {
            "arn": "arn:aws:ec2:eu-central-1:821868546349:subnet/subnet-0b3a07b3d0bf54859",
            "assign_ipv6_address_on_creation": false,
            "availability_zone": "eu-central-1a",
            "availability_zone_id": "euc1-az2",
            "cidr_block": "192.168.101.0/24",
            "customer_owned_ipv4_pool": "",
            "enable_dns64": false,
            "enable_lni_at_device_index": 0,
            "enable_resource_name_dns_a_record_on_launch": false,
            "enable_resource_name_dns_aaaa_record_on_launch": false,
            "id": "subnet-0b3a07b3d0bf54859",
            "ipv6_cidr_block": "",
            "ipv6_cidr_block_association_id": "",
            "ipv6_native": false,
            "map_customer_owned_ip_on_launch": false,
            "map_public_ip_on_launch": false,
            "outpost_arn": "",
            "owner_id": "821868546349",
            "private_dns_hostname_type_on_launch": "ip-name",
            "region": "eu-central-1",
            "tags": {
              "Env": "dev",
              "Name": "rag-vpc-db-eu-central-1a",
              "Project": "RAG"
            },
            "tags_all": {
              "Env": "dev",
              "Name": "rag-vpc-db-eu-central-1a",
              "Project": "RAG"
            },
            "timeouts": null,
            "vpc_id": "vpc-0f12e53c75f9ea43b"
          },
          "sensitive_attributes": [],
          "identity_schema_version": 0,
          "identity": {
            "account_id": "821868546349",
            "id": "subnet-0b3a07b3d0bf54859",
            "region": "eu-central-1"
          },
          "private": "eyJlMmJmYjczMC1lY2FhLTExZTYtOGY4OC0zNDM2M2JjN2M0YzAiOnsiY3JlYXRlIjo2MDAwMDAwMDAwMDAsImRlbGV0ZSI6MTIwMDAwMDAwMDAwMH0sInNjaGVtYV92ZXJzaW9uIjoiMSJ9",
          "dependencies": [
            "module.vpc.aws_vpc.this",
            "module.vpc.aws_vpc_ipv4_cidr_block_association.this"
          ]
        },
        {
          "index_key": 1,
          "schema_version": 1,
          "attributes": {
            "arn": "arn:aws:ec2:eu-central-1:821868546349:subnet/subnet-0239683647508d7d7",
            "assign_ipv6_address_on_creation": false,
            "availability_zone": "eu-central-1b",
            "availability_zone_id": "euc1-az3",
            "cidr_block": "192.168.102.0/24",
            "customer_owned_ipv4_pool": "",
            "enable_dns64": false,
            "enable_lni_at_device_index": 0,
            "enable_resource_name_dns_a_record_on_launch": false,
            "enable_resource_name_dns_aaaa_record_on_launch": false,
            "id": "subnet-0239683647508d7d7",
            "ipv6_cidr_block": "",
            "ipv6_cidr_block_association_id": "",
            "ipv6_native": false,
            "map_customer_owned_ip_on_launch": false,
            "map_public_ip_on_launch": false,
            "outpost_arn": "",
            "owner_id": "821868546349",
            "private_dns_hostname_type_on_launch": "ip-name",
            "region": "eu-central-1",
            "tags": {
              "Env": "dev",
              "Name": "rag-vpc-db-eu-central-1b",
              "Project": "RAG"
            },
            "tags_all": {
              "Env": "dev",
              "Name": "rag-vpc-db-eu-central-1b",
              "Project": "RAG"
            },
            "timeouts": null,
            "vpc_id": "vpc-0f12e53c75f9ea43b"
          },
          "sensitive_attributes": [],
          "identity_schema_version": 0,
          "identity": {
            "account_id": "821868546349",
            "id": "subnet-0239683647508d7d7",
            "region": "eu-central-1"
          },
          "private": "eyJlMmJmYjczMC1lY2FhLTExZTYtOGY4OC0zNDM2M2JjN2M0YzAiOnsiY3JlYXRlIjo2MDAwMDAwMDAwMDAsImRlbGV0ZSI6MTIwMDAwMDAwMDAwMH0sInNjaGVtYV92ZXJzaW9uIjoiMSJ9",
          "dependencies": [
            "module.vpc.aws_vpc.this",
            "module.vpc.aws_vpc_ipv4_cidr_block_association.this"
          ]
        }
      ]
    },
    {
      "module": "module.vpc",
      "mode": "managed",
      "type": "aws_subnet",
      "name": "private",
      "provider": "provider[\"registry.terraform.io/hashicorp/aws\"]",
      "instances": [
        {
          "index_key": 0,
          "schema_version": 1,
          "attributes": {
            "arn": "arn:aws:ec2:eu-central-1:821868546349:subnet/subnet-0173cb422af357c19",
            "assign_ipv6_address_on_creation": false,
            "availability_zone": "eu-central-1a",
            "availability_zone_id": "euc1-az2",
            "cidr_block": "192.168.1.0/24",
            "customer_owned_ipv4_pool": "",
            "enable_dns64": false,
            "enable_lni_at_device_index": 0,
            "enable_resource_name_dns_a_record_on_launch": false,
            "enable_resource_name_dns_aaaa_record_on_launch": false,
            "id": "subnet-0173cb422af357c19",
            "ipv6_cidr_block": "",
            "ipv6_cidr_block_association_id": "",
            "ipv6_native": false,
            "map_customer_owned_ip_on_launch": false,
            "map_public_ip_on_launch": false,
            "outpost_arn": "",
            "owner_id": "821868546349",
            "private_dns_hostname_type_on_launch": "ip-name",
            "region": "eu-central-1",
            "tags": {
              "Env": "dev",
              "Name": "rag-vpc-private-eu-central-1a",
              "Project": "RAG",
              "kubernetes.io/role/internal-elb": "1"
            },
            "tags_all": {
              "Env": "dev",
              "Name": "rag-vpc-private-eu-central-1a",
              "Project": "RAG",
              "kubernetes.io/role/internal-elb": "1"
            },
            "timeouts": null,
            "vpc_id": "vpc-0f12e53c75f9ea43b"
          },
          "sensitive_attributes": [],
          "identity_schema_version": 0,
          "identity": {
            "account_id": "821868546349",
            "id": "subnet-0173cb422af357c19",
            "region": "eu-central-1"
          },
          "private": "eyJlMmJmYjczMC1lY2FhLTExZTYtOGY4OC0zNDM2M2JjN2M0YzAiOnsiY3JlYXRlIjo2MDAwMDAwMDAwMDAsImRlbGV0ZSI6MTIwMDAwMDAwMDAwMH0sInNjaGVtYV92ZXJzaW9uIjoiMSJ9",
          "dependencies": [
            "module.vpc.aws_vpc.this",
            "module.vpc.aws_vpc_ipv4_cidr_block_association.this"
          ]
        },
        {
          "index_key": 1,
          "schema_version": 1,
          "attributes": {
            "arn": "arn:aws:ec2:eu-central-1:821868546349:subnet/subnet-0b54d00b3d6264363",
            "assign_ipv6_address_on_creation": false,
            "availability_zone": "eu-central-1b",
            "availability_zone_id": "euc1-az3",
            "cidr_block": "192.168.2.0/24",
            "customer_owned_ipv4_pool": "",
            "enable_dns64": false,
            "enable_lni_at_device_index": 0,
            "enable_resource_name_dns_a_record_on_launch": false,
            "enable_resource_name_dns_aaaa_record_on_launch": false,
            "id": "subnet-0b54d00b3d6264363",
            "ipv6_cidr_block": "",
            "ipv6_cidr_block_association_id": "",
            "ipv6_native": false,
            "map_customer_owned_ip_on_launch": false,
            "map_public_ip_on_launch": false,
            "outpost_arn": "",
            "owner_id": "821868546349",
            "private_dns_hostname_type_on_launch": "ip-name",
            "region": "eu-central-1",
            "tags": {
              "Env": "dev",
              "Name": "rag-vpc-private-eu-central-1b",
              "Project": "RAG",
              "kubernetes.io/role/internal-elb": "1"
            },
            "tags_all": {
              "Env": "dev",
              "Name": "rag-vpc-private-eu-central-1b",
              "Project": "RAG",
              "kubernetes.io/role/internal-elb": "1"
            },
            "timeouts": null,
            "vpc_id": "vpc-0f12e53c75f9ea43b"
          },
          "sensitive_attributes": [],
          "identity_schema_version": 0,
          "identity": {
            "account_id": "821868546349",
            "id": "subnet-0b54d00b3d6264363",
            "region": "eu-central-1"
          },
          "private": "eyJlMmJmYjczMC1lY2FhLTExZTYtOGY4OC0zNDM2M2JjN2M0YzAiOnsiY3JlYXRlIjo2MDAwMDAwMDAwMDAsImRlbGV0ZSI6MTIwMDAwMDAwMDAwMH0sInNjaGVtYV92ZXJzaW9uIjoiMSJ9",
          "dependencies": [
            "module.vpc.aws_vpc.this",
            "module.vpc.aws_vpc_ipv4_cidr_block_association.this"
          ]
        }
      ]
    },
    {
      "module": "module.vpc",
      "mode": "managed",
      "type": "aws_subnet",
      "name": "public",
      "provider": "provider[\"registry.terraform.io/hashicorp/aws\"]",
      "instances": [
        {
          "index_key": 0,
          "schema_version": 1,
          "attributes": {
            "arn": "arn:aws:ec2:eu-central-1:821868546349:subnet/subnet-0aba3665eb0af1dd9",
            "assign_ipv6_address_on_creation": false,
            "availability_zone": "eu-central-1a",
            "availability_zone_id": "euc1-az2",
            "cidr_block": "192.168.10.0/24",
            "customer_owned_ipv4_pool": "",
            "enable_dns64": false,
            "enable_lni_at_device_index": 0,
            "enable_resource_name_dns_a_record_on_launch": false,
            "enable_resource_name_dns_aaaa_record_on_launch": false,
            "id": "subnet-0aba3665eb0af1dd9",
            "ipv6_cidr_block": "",
            "ipv6_cidr_block_association_id": "",
            "ipv6_native": false,
            "map_customer_owned_ip_on_launch": false,
            "map_public_ip_on_launch": false,
            "outpost_arn": "",
            "owner_id": "821868546349",
            "private_dns_hostname_type_on_launch": "ip-name",
            "region": "eu-central-1",
            "tags": {
              "Env": "dev",
              "Name": "rag-vpc-public-eu-central-1a",
              "Project": "RAG",
              "kubernetes.io/role/elb": "1"
            },
            "tags_all": {
              "Env": "dev",
              "Name": "rag-vpc-public-eu-central-1a",
              "Project": "RAG",
              "kubernetes.io/role/elb": "1"
            },
            "timeouts": null,
            "vpc_id": "vpc-0f12e53c75f9ea43b"
          },
          "sensitive_attributes": [],
          "identity_schema_version": 0,
          "identity": {
            "account_id": "821868546349",
            "id": "subnet-0aba3665eb0af1dd9",
            "region": "eu-central-1"
          },
          "private": "eyJlMmJmYjczMC1lY2FhLTExZTYtOGY4OC0zNDM2M2JjN2M0YzAiOnsiY3JlYXRlIjo2MDAwMDAwMDAwMDAsImRlbGV0ZSI6MTIwMDAwMDAwMDAwMH0sInNjaGVtYV92ZXJzaW9uIjoiMSJ9",
          "dependencies": [
            "module.vpc.aws_vpc.this",
            "module.vpc.aws_vpc_ipv4_cidr_block_association.this"
          ]
        },
        {
          "index_key": 1,
          "schema_version": 1,
          "attributes": {
            "arn": "arn:aws:ec2:eu-central-1:821868546349:subnet/subnet-0c0a723f94d526721",
            "assign_ipv6_address_on_creation": false,
            "availability_zone": "eu-central-1b",
            "availability_zone_id": "euc1-az3",
            "cidr_block": "192.168.20.0/24",
            "customer_owned_ipv4_pool": "",
            "enable_dns64": false,
            "enable_lni_at_device_index": 0,
            "enable_resource_name_dns_a_record_on_launch": false,
            "enable_resource_name_dns_aaaa_record_on_launch": false,
            "id": "subnet-0c0a723f94d526721",
            "ipv6_cidr_block": "",
            "ipv6_cidr_block_association_id": "",
            "ipv6_native": false,
            "map_customer_owned_ip_on_launch": false,
            "map_public_ip_on_launch": false,
            "outpost_arn": "",
            "owner_id": "821868546349",
            "private_dns_hostname_type_on_launch": "ip-name",
            "region": "eu-central-1",
            "tags": {
              "Env": "dev",
              "Name": "rag-vpc-public-eu-central-1b",
              "Project": "RAG",
              "kubernetes.io/role/elb": "1"
            },
            "tags_all": {
              "Env": "dev",
              "Name": "rag-vpc-public-eu-central-1b",
              "Project": "RAG",
              "kubernetes.io/role/elb": "1"
            },
            "timeouts": null,
            "vpc_id": "vpc-0f12e53c75f9ea43b"
          },
          "sensitive_attributes": [],
          "identity_schema_version": 0,
          "identity": {
            "account_id": "821868546349",
            "id": "subnet-0c0a723f94d526721",
            "region": "eu-central-1"
          },
          "private": "eyJlMmJmYjczMC1lY2FhLTExZTYtOGY4OC0zNDM2M2JjN2M0YzAiOnsiY3JlYXRlIjo2MDAwMDAwMDAwMDAsImRlbGV0ZSI6MTIwMDAwMDAwMDAwMH0sInNjaGVtYV92ZXJzaW9uIjoiMSJ9",
          "dependencies": [
            "module.vpc.aws_vpc.this",
            "module.vpc.aws_vpc_ipv4_cidr_block_association.this"
          ]
        }
      ]
    },
    {
      "module": "module.vpc",
      "mode": "managed",
      "type": "aws_vpc",
      "name": "this",
      "provider": "provider[\"registry.terraform.io/hashicorp/aws\"]",
      "instances": [
        {
          "index_key": 0,
          "schema_version": 1,
          "attributes": {
            "arn": "arn:aws:ec2:eu-central-1:821868546349:vpc/vpc-0f12e53c75f9ea43b",
            "assign_generated_ipv6_cidr_block": false,
            "cidr_block": "192.168.0.0/16",
            "default_network_acl_id": "acl-09c4c882a5526107d",
            "default_route_table_id": "rtb-05b0bf6271aa46679",
            "default_security_group_id": "sg-012e68f8e7107f339",
            "dhcp_options_id": "dopt-0b9be8a6d7796aaa1",
            "enable_dns_hostnames": true,
            "enable_dns_support": true,
            "enable_network_address_usage_metrics": false,
            "id": "vpc-0f12e53c75f9ea43b",
            "instance_tenancy": "default",
            "ipv4_ipam_pool_id": null,
            "ipv4_netmask_length": null,
            "ipv6_association_id": "",
            "ipv6_cidr_block": "",
            "ipv6_cidr_block_network_border_group": "",
            "ipv6_ipam_pool_id": "",
            "ipv6_netmask_length": 0,
            "main_route_table_id": "rtb-05b0bf6271aa46679",
            "owner_id": "821868546349",
            "region": "eu-central-1",
            "tags": {
              "Env": "dev",
              "Name": "rag-vpc",
              "Project": "RAG"
            },
            "tags_all": {
              "Env": "dev",
              "Name": "rag-vpc",
              "Project": "RAG"
            }
          },
          "sensitive_attributes": [],
          "identity_schema_version": 0,
          "identity": {
            "account_id": "821868546349",
            "id": "vpc-0f12e53c75f9ea43b",
            "region": "eu-central-1"
          },
          "private": "eyJzY2hlbWFfdmVyc2lvbiI6IjEifQ=="
        }
      ]
    }
  ],
  "check_results": null
}
